
Microsoft Visual Studio Solution File, Format Version 12.00
# Visual Studio Version 17
VisualStudioVersion = 17.9.34728.123
MinimumVisualStudioVersion = 10.0.40219.1
Project("{FAE04EC0-301F-11D3-BF4B-00C04F79EFBC}") = "UserManagmentApp", "UserManagmentApp\UserManagmentApp.csproj", "{38C7D0C3-99A4-4C9D-BFF5-3888B409A267}"
EndProject
Global
	GlobalSection(SolutionConfigurationPlatforms) = preSolution
		Debug|Any CPU = Debug|Any CPU
		Release|Any CPU = Release|Any CPU
	EndGlobalSection
	GlobalSection(ProjectConfigurationPlatforms) = postSolution
		{38C7D0C3-99A4-4C9D-BFF5-3888B409A267}.Debug|Any CPU.ActiveCfg = Debug|Any CPU
		{38C7D0C3-99A4-4C9D-BFF5-3888B409A267}.Debug|Any CPU.Build.0 = Debug|Any CPU
		{38C7D0C3-99A4-4C9D-BFF5-3888B409A267}.Release|Any CPU.ActiveCfg = Release|Any CPU
		{38C7D0C3-99A4-4C9D-BFF5-3888B409A267}.Release|Any CPU.Build.0 = Release|Any CPU
	EndGlobalSection
	GlobalSection(SolutionProperties) = preSolution
		HideSolutionNode = FALSE
	EndGlobalSection
	GlobalSection(ExtensibilityGlobals) = postSolution
		SolutionGuid = {BD2C9390-E318-48BE-A5E1-AE6BCC981C52}
	EndGlobalSection
EndGlobal
